
Microsoft Visual Studio Solution File, Format Version 12.00
# Visual Studio 15
VisualStudioVersion = 15.0.28307.271
MinimumVisualStudioVersion = 10.0.40219.1
Project("{9A19103F-16F7-4668-BE54-9A1E7A4F7556}") = "DashboardBackend", "DashboardBackend\DashboardBackend.csproj", "{F030D380-F45F-4BE7-A3BD-CCB8BBA3F158}"
EndProject
Project("{9A19103F-16F7-4668-BE54-9A1E7A4F7556}") = "DashboardBackend.DataAccess", "DashboardBackend.DataAccess\DashboardBackend.DataAccess.csproj", "{3827058F-76F6-4808-AA16-38E477642150}"
EndProject
Project("{9A19103F-16F7-4668-BE54-9A1E7A4F7556}") = "DashboardBackend.Database", "DashboardBackend.Database\DashboardBackend.Database.csproj", "{60033B16-DC36-43A5-96E4-94080779A46A}"
EndProject
Project("{9A19103F-16F7-4668-BE54-9A1E7A4F7556}") = "DashboardBackend.Types", "DashboardBackend.Types\DashboardBackend.Types.csproj", "{3D8A294F-7AE4-416E-A15D-77D5EBBAB6B2}"
EndProject
Project("{9A19103F-16F7-4668-BE54-9A1E7A4F7556}") = "DashboardBackend.Utility", "DashboardBackend.Utility\DashboardBackend.Utility.csproj", "{168304B5-257F-4192-A8BC-D7E8937B43D1}"
EndProject
Project("{9A19103F-16F7-4668-BE54-9A1E7A4F7556}") = "DashboardBackend.BL", "DashboardBackend.BL\DashboardBackend.BL.csproj", "{3DA20124-DEDF-4B94-B717-0CCA75CCC7C6}"
EndProject
Project("{FAE04EC0-301F-11D3-BF4B-00C04F79EFBC}") = "DashboardConsoleApp_MessageReader", "DashboardConsoleApp_MessageReader\DashboardConsoleApp_MessageReader.csproj", "{B02A45C7-069B-446B-9420-F6FFF2B99241}"
EndProject
Global
	GlobalSection(SolutionConfigurationPlatforms) = preSolution
		Debug|Any CPU = Debug|Any CPU
		Release|Any CPU = Release|Any CPU
	EndGlobalSection
	GlobalSection(ProjectConfigurationPlatforms) = postSolution
		{F030D380-F45F-4BE7-A3BD-CCB8BBA3F158}.Debug|Any CPU.ActiveCfg = Debug|Any CPU
		{F030D380-F45F-4BE7-A3BD-CCB8BBA3F158}.Debug|Any CPU.Build.0 = Debug|Any CPU
		{F030D380-F45F-4BE7-A3BD-CCB8BBA3F158}.Release|Any CPU.ActiveCfg = Release|Any CPU
		{F030D380-F45F-4BE7-A3BD-CCB8BBA3F158}.Release|Any CPU.Build.0 = Release|Any CPU
		{3827058F-76F6-4808-AA16-38E477642150}.Debug|Any CPU.ActiveCfg = Debug|Any CPU
		{3827058F-76F6-4808-AA16-38E477642150}.Debug|Any CPU.Build.0 = Debug|Any CPU
		{3827058F-76F6-4808-AA16-38E477642150}.Release|Any CPU.ActiveCfg = Release|Any CPU
		{3827058F-76F6-4808-AA16-38E477642150}.Release|Any CPU.Build.0 = Release|Any CPU
		{60033B16-DC36-43A5-96E4-94080779A46A}.Debug|Any CPU.ActiveCfg = Debug|Any CPU
		{60033B16-DC36-43A5-96E4-94080779A46A}.Debug|Any CPU.Build.0 = Debug|Any CPU
		{60033B16-DC36-43A5-96E4-94080779A46A}.Release|Any CPU.ActiveCfg = Release|Any CPU
		{60033B16-DC36-43A5-96E4-94080779A46A}.Release|Any CPU.Build.0 = Release|Any CPU
		{3D8A294F-7AE4-416E-A15D-77D5EBBAB6B2}.Debug|Any CPU.ActiveCfg = Debug|Any CPU
		{3D8A294F-7AE4-416E-A15D-77D5EBBAB6B2}.Debug|Any CPU.Build.0 = Debug|Any CPU
		{3D8A294F-7AE4-416E-A15D-77D5EBBAB6B2}.Release|Any CPU.ActiveCfg = Release|Any CPU
		{3D8A294F-7AE4-416E-A15D-77D5EBBAB6B2}.Release|Any CPU.Build.0 = Release|Any CPU
		{168304B5-257F-4192-A8BC-D7E8937B43D1}.Debug|Any CPU.ActiveCfg = Debug|Any CPU
		{168304B5-257F-4192-A8BC-D7E8937B43D1}.Debug|Any CPU.Build.0 = Debug|Any CPU
		{168304B5-257F-4192-A8BC-D7E8937B43D1}.Release|Any CPU.ActiveCfg = Release|Any CPU
		{168304B5-257F-4192-A8BC-D7E8937B43D1}.Release|Any CPU.Build.0 = Release|Any CPU
		{3DA20124-DEDF-4B94-B717-0CCA75CCC7C6}.Debug|Any CPU.ActiveCfg = Debug|Any CPU
		{3DA20124-DEDF-4B94-B717-0CCA75CCC7C6}.Debug|Any CPU.Build.0 = Debug|Any CPU
		{3DA20124-DEDF-4B94-B717-0CCA75CCC7C6}.Release|Any CPU.ActiveCfg = Release|Any CPU
		{3DA20124-DEDF-4B94-B717-0CCA75CCC7C6}.Release|Any CPU.Build.0 = Release|Any CPU
		{B02A45C7-069B-446B-9420-F6FFF2B99241}.Debug|Any CPU.ActiveCfg = Debug|Any CPU
		{B02A45C7-069B-446B-9420-F6FFF2B99241}.Debug|Any CPU.Build.0 = Debug|Any CPU
		{B02A45C7-069B-446B-9420-F6FFF2B99241}.Release|Any CPU.ActiveCfg = Release|Any CPU
		{B02A45C7-069B-446B-9420-F6FFF2B99241}.Release|Any CPU.Build.0 = Release|Any CPU
	EndGlobalSection
	GlobalSection(SolutionProperties) = preSolution
		HideSolutionNode = FALSE
	EndGlobalSection
	GlobalSection(ExtensibilityGlobals) = postSolution
		SolutionGuid = {F651AF3C-C26E-4F2D-9F24-B961F5F4FC52}
	EndGlobalSection
EndGlobal
